
Microsoft Visual Studio Solution File, Format Version 12.00
# Visual Studio Version 17
VisualStudioVersion = 17.12.35707.178
MinimumVisualStudioVersion = 10.0.40219.1
Project("{FAE04EC0-301F-11D3-BF4B-00C04F79EFBC}") = "Zadanie 1", "Zadanie 1\Zadanie 1.csproj", "{9CDB66DF-67C0-48B5-AD77-8ACA81B5E220}"
EndProject
Project("{FAE04EC0-301F-11D3-BF4B-00C04F79EFBC}") = "Zadanie 2", "Zadanie 2\Zadanie 2.csproj", "{6AF232F9-BEB8-49F0-AF5C-499688794248}"
EndProject
Project("{FAE04EC0-301F-11D3-BF4B-00C04F79EFBC}") = "Zadanie 3", "Zadanie 3\Zadanie 3.csproj", "{394406CA-274D-4676-A444-F65329BB1664}"
EndProject
Project("{FAE04EC0-301F-11D3-BF4B-00C04F79EFBC}") = "Zadanie 4", "Zadanie 4\Zadanie 4.csproj", "{7CE0A57B-2CAB-4150-9626-5BD18A0D1A62}"
EndProject
Project("{FAE04EC0-301F-11D3-BF4B-00C04F79EFBC}") = "Zadanie 5", "Zadanie 5\Zadanie 5.csproj", "{F2307D2A-B86A-40EA-A105-6EF4D2BA3526}"
EndProject
Global
	GlobalSection(SolutionConfigurationPlatforms) = preSolution
		Debug|Any CPU = Debug|Any CPU
		Release|Any CPU = Release|Any CPU
	EndGlobalSection
	GlobalSection(ProjectConfigurationPlatforms) = postSolution
		{9CDB66DF-67C0-48B5-AD77-8ACA81B5E220}.Debug|Any CPU.ActiveCfg = Debug|Any CPU
		{9CDB66DF-67C0-48B5-AD77-8ACA81B5E220}.Debug|Any CPU.Build.0 = Debug|Any CPU
		{9CDB66DF-67C0-48B5-AD77-8ACA81B5E220}.Release|Any CPU.ActiveCfg = Release|Any CPU
		{9CDB66DF-67C0-48B5-AD77-8ACA81B5E220}.Release|Any CPU.Build.0 = Release|Any CPU
		{6AF232F9-BEB8-49F0-AF5C-499688794248}.Debug|Any CPU.ActiveCfg = Debug|Any CPU
		{6AF232F9-BEB8-49F0-AF5C-499688794248}.Debug|Any CPU.Build.0 = Debug|Any CPU
		{6AF232F9-BEB8-49F0-AF5C-499688794248}.Release|Any CPU.ActiveCfg = Release|Any CPU
		{6AF232F9-BEB8-49F0-AF5C-499688794248}.Release|Any CPU.Build.0 = Release|Any CPU
		{394406CA-274D-4676-A444-F65329BB1664}.Debug|Any CPU.ActiveCfg = Debug|Any CPU
		{394406CA-274D-4676-A444-F65329BB1664}.Debug|Any CPU.Build.0 = Debug|Any CPU
		{394406CA-274D-4676-A444-F65329BB1664}.Release|Any CPU.ActiveCfg = Release|Any CPU
		{394406CA-274D-4676-A444-F65329BB1664}.Release|Any CPU.Build.0 = Release|Any CPU
		{7CE0A57B-2CAB-4150-9626-5BD18A0D1A62}.Debug|Any CPU.ActiveCfg = Debug|Any CPU
		{7CE0A57B-2CAB-4150-9626-5BD18A0D1A62}.Debug|Any CPU.Build.0 = Debug|Any CPU
		{7CE0A57B-2CAB-4150-9626-5BD18A0D1A62}.Release|Any CPU.ActiveCfg = Release|Any CPU
		{7CE0A57B-2CAB-4150-9626-5BD18A0D1A62}.Release|Any CPU.Build.0 = Release|Any CPU
		{F2307D2A-B86A-40EA-A105-6EF4D2BA3526}.Debug|Any CPU.ActiveCfg = Debug|Any CPU
		{F2307D2A-B86A-40EA-A105-6EF4D2BA3526}.Debug|Any CPU.Build.0 = Debug|Any CPU
		{F2307D2A-B86A-40EA-A105-6EF4D2BA3526}.Release|Any CPU.ActiveCfg = Release|Any CPU
		{F2307D2A-B86A-40EA-A105-6EF4D2BA3526}.Release|Any CPU.Build.0 = Release|Any CPU
	EndGlobalSection
	GlobalSection(SolutionProperties) = preSolution
		HideSolutionNode = FALSE
	EndGlobalSection
EndGlobal
